
Microsoft Visual Studio Solution File, Format Version 12.00
# Visual Studio Version 17
VisualStudioVersion = 17.0.32112.339
MinimumVisualStudioVersion = 10.0.40219.1
Project("{FAE04EC0-301F-11D3-BF4B-00C04F79EFBC}") = "dashboarddesign", "dashboarddesign\dashboarddesign.csproj", "{54581017-DF8F-4F7C-8B7D-867DB67E22EE}"
EndProject
Global
	GlobalSection(SolutionConfigurationPlatforms) = preSolution
		Debug|Any CPU = Debug|Any CPU
		Release|Any CPU = Release|Any CPU
	EndGlobalSection
	GlobalSection(ProjectConfigurationPlatforms) = postSolution
		{54581017-DF8F-4F7C-8B7D-867DB67E22EE}.Debug|Any CPU.ActiveCfg = Debug|Any CPU
		{54581017-DF8F-4F7C-8B7D-867DB67E22EE}.Debug|Any CPU.Build.0 = Debug|Any CPU
		{54581017-DF8F-4F7C-8B7D-867DB67E22EE}.Debug|Any CPU.Deploy.0 = Debug|Any CPU
		{54581017-DF8F-4F7C-8B7D-867DB67E22EE}.Release|Any CPU.ActiveCfg = Release|Any CPU
		{54581017-DF8F-4F7C-8B7D-867DB67E22EE}.Release|Any CPU.Build.0 = Release|Any CPU
		{54581017-DF8F-4F7C-8B7D-867DB67E22EE}.Release|Any CPU.Deploy.0 = Release|Any CPU
	EndGlobalSection
	GlobalSection(SolutionProperties) = preSolution
		HideSolutionNode = FALSE
	EndGlobalSection
	GlobalSection(ExtensibilityGlobals) = postSolution
		SolutionGuid = {CBB92114-5741-4B73-A53F-E09A2F4590F5}
	EndGlobalSection
EndGlobal
